// !$*UTF8*$!
{
	archiveVersion = 1;
	classes = {
	};
	objectVersion = 46;
	objects = {

/* Begin PBXBuildFile section */
		C344AD94164BF26F0051245D /* Foundation.framework in Frameworks */ = {isa = PBXBuildFile; fileRef = C344AD93164BF26F0051245D /* Foundation.framework */; };
		C344AD99164BF26F0051245D /* Phresco.h in CopyFiles */ = {isa = PBXBuildFile; fileRef = C344AD98164BF26F0051245D /* Phresco.h */; };
		C344AD9B164BF2700051245D /* Phresco.m in Sources */ = {isa = PBXBuildFile; fileRef = C344AD9A164BF2700051245D /* Phresco.m */; };
/* End PBXBuildFile section */

/* Begin PBXCopyFilesBuildPhase section */
		C344AD8E164BF26F0051245D /* CopyFiles */ = {
			isa = PBXCopyFilesBuildPhase;
			buildActionMask = 2147483647;
			dstPath = "include/${PRODUCT_NAME}";
			dstSubfolderSpec = 16;
			files = (
				C344AD99164BF26F0051245D /* Phresco.h in CopyFiles */,
			);
			runOnlyForDeploymentPostprocessing = 0;
		};
/* End PBXCopyFilesBuildPhase section */

/* Begin PBXFileReference section */
		C344AD90164BF26F0051245D /* libPhresco.a */ = {isa = PBXFileReference; explicitFileType = archive.ar; includeInIndex = 0; path = libPhresco.a; sourceTree = BUILT_PRODUCTS_DIR; };
		C344AD93164BF26F0051245D /* Foundation.framework */ = {isa = PBXFileReference; lastKnownFileType = wrapper.framework; name = Foundation.framework; path = System/Library/Frameworks/Foundation.framework; sourceTree = SDKROOT; };
		C344AD97164BF26F0051245D /* Phresco-Prefix.pch */ = {isa = PBXFileReference; lastKnownFileType = sourcecode.c.h; path = "Phresco-Prefix.pch"; sourceTree = "<group>"; };
		C344AD98164BF26F0051245D /* Phresco.h */ = {isa = PBXFileReference; lastKnownFileType = sourcecode.c.h; path = Phresco.h; sourceTree = "<group>"; };
		C344AD9A164BF2700051245D /* Phresco.m */ = {isa = PBXFileReference; lastKnownFileType = sourcecode.c.objc; path = Phresco.m; sourceTree = "<group>"; };
		C344ADA1164BF3510051245D /* LoginConstants.h */ = {isa = PBXFileReference; fileEncoding = 4; lastKnownFileType = sourcecode.c.h; path = LoginConstants.h; sourceTree = "<group>"; };
/* End PBXFileReference section */

/* Begin PBXFrameworksBuildPhase section */
		C344AD8D164BF26F0051245D /* Frameworks */ = {
			isa = PBXFrameworksBuildPhase;
			buildActionMask = 2147483647;
			files = (
				C344AD94164BF26F0051245D /* Foundation.framework in Frameworks */,
			);
			runOnlyForDeploymentPostprocessing = 0;
		};
/* End PBXFrameworksBuildPhase section */

/* Begin PBXGroup section */
		C344AD85164BF26F0051245D = {
			isa = PBXGroup;
			children = (
				C344AD95164BF26F0051245D /* Phresco */,
				C344AD92164BF26F0051245D /* Frameworks */,
				C344AD91164BF26F0051245D /* Products */,
			);
			sourceTree = "<group>";
		};
		C344AD91164BF26F0051245D /* Products */ = {
			isa = PBXGroup;
			children = (
				C344AD90164BF26F0051245D /* libPhresco.a */,
			);
			name = Products;
			sourceTree = "<group>";
		};
		C344AD92164BF26F0051245D /* Frameworks */ = {
			isa = PBXGroup;
			children = (
				C344AD93164BF26F0051245D /* Foundation.framework */,
			);
			name = Frameworks;
			sourceTree = "<group>";
		};
		C344AD95164BF26F0051245D /* Phresco */ = {
			isa = PBXGroup;
			children = (
				C344ADA1164BF3510051245D /* LoginConstants.h */,
				C344AD98164BF26F0051245D /* Phresco.h */,
				C344AD9A164BF2700051245D /* Phresco.m */,
				C344AD96164BF26F0051245D /* Supporting Files */,
			);
			path = Phresco;
			sourceTree = "<group>";
		};
		C344AD96164BF26F0051245D /* Supporting Files */ = {
			isa = PBXGroup;
			children = (
				C344AD97164BF26F0051245D /* Phresco-Prefix.pch */,
			);
			name = "Supporting Files";
			sourceTree = "<group>";
		};
/* End PBXGroup section */

/* Begin PBXNativeTarget section */
		C344AD8F164BF26F0051245D /* Phresco */ = {
			isa = PBXNativeTarget;
			buildConfigurationList = C344AD9E164BF2700051245D /* Build configuration list for PBXNativeTarget "Phresco" */;
			buildPhases = (
				C344AD8C164BF26F0051245D /* Sources */,
				C344AD8D164BF26F0051245D /* Frameworks */,
				C344AD8E164BF26F0051245D /* CopyFiles */,
			);
			buildRules = (
			);
			dependencies = (
			);
			name = Phresco;
			productName = Phresco;
			productReference = C344AD90164BF26F0051245D /* libPhresco.a */;
			productType = "com.apple.product-type.library.static";
		};
/* End PBXNativeTarget section */

/* Begin PBXProject section */
		C344AD87164BF26F0051245D /* Project object */ = {
			isa = PBXProject;
			attributes = {
				LastUpgradeCheck = 0450;
				ORGANIZATIONNAME = Sathiyasuresh;
			};
			buildConfigurationList = C344AD8A164BF26F0051245D /* Build configuration list for PBXProject "Phresco" */;
			compatibilityVersion = "Xcode 3.2";
			developmentRegion = English;
			hasScannedForEncodings = 0;
			knownRegions = (
				en,
			);
			mainGroup = C344AD85164BF26F0051245D;
			productRefGroup = C344AD91164BF26F0051245D /* Products */;
			projectDirPath = "";
			projectRoot = "";
			targets = (
				C344AD8F164BF26F0051245D /* Phresco */,
			);
		};
/* End PBXProject section */

/* Begin PBXSourcesBuildPhase section */
		C344AD8C164BF26F0051245D /* Sources */ = {
			isa = PBXSourcesBuildPhase;
			buildActionMask = 2147483647;
			files = (
				C344AD9B164BF2700051245D /* Phresco.m in Sources */,
			);
			runOnlyForDeploymentPostprocessing = 0;
		};
/* End PBXSourcesBuildPhase section */

/* Begin XCBuildConfiguration section */
		C344AD9C164BF2700051245D /* Debug */ = {
			isa = XCBuildConfiguration;
			buildSettings = {
				ALWAYS_SEARCH_USER_PATHS = NO;
				CLANG_CXX_LANGUAGE_STANDARD = "gnu++0x";
				CLANG_CXX_LIBRARY = "libc++";
				CLANG_WARN_EMPTY_BODY = YES;
				CLANG_WARN__DUPLICATE_METHOD_MATCH = YES;
				COPY_PHASE_STRIP = NO;
				GCC_C_LANGUAGE_STANDARD = gnu99;
				GCC_DYNAMIC_NO_PIC = NO;
				GCC_OPTIMIZATION_LEVEL = 0;
				GCC_PREPROCESSOR_DEFINITIONS = (
					"DEBUG=1",
					"$(inherited)",
				);
				GCC_SYMBOLS_PRIVATE_EXTERN = NO;
				GCC_WARN_ABOUT_RETURN_TYPE = YES;
				GCC_WARN_UNINITIALIZED_AUTOS = YES;
				GCC_WARN_UNUSED_VARIABLE = YES;
				IPHONEOS_DEPLOYMENT_TARGET = 6.0;
				SDKROOT = iphoneos;
			};
			name = Debug;
		};
		C344AD9D164BF2700051245D /* Release */ = {
			isa = XCBuildConfiguration;
			buildSettings = {
				ALWAYS_SEARCH_USER_PATHS = NO;
				CLANG_CXX_LANGUAGE_STANDARD = "gnu++0x";
				CLANG_CXX_LIBRARY = "libc++";
				CLANG_WARN_EMPTY_BODY = YES;
				CLANG_WARN__DUPLICATE_METHOD_MATCH = YES;
				COPY_PHASE_STRIP = YES;
				GCC_C_LANGUAGE_STANDARD = gnu99;
				GCC_WARN_ABOUT_RETURN_TYPE = YES;
				GCC_WARN_UNINITIALIZED_AUTOS = YES;
				GCC_WARN_UNUSED_VARIABLE = YES;
				IPHONEOS_DEPLOYMENT_TARGET = 6.0;
				SDKROOT = iphoneos;
				VALIDATE_PRODUCT = YES;
			};
			name = Release;
		};
		C344AD9F164BF2700051245D /* Debug */ = {
			isa = XCBuildConfiguration;
			buildSettings = {
				DSTROOT = /tmp/Phresco.dst;
				GCC_PRECOMPILE_PREFIX_HEADER = YES;
				GCC_PREFIX_HEADER = "Phresco/Phresco-Prefix.pch";
				OTHER_LDFLAGS = "-ObjC";
				PRODUCT_NAME = "$(TARGET_NAME)";
				SKIP_INSTALL = YES;
			};
			name = Debug;
		};
		C344ADA0164BF2700051245D /* Release */ = {
			isa = XCBuildConfiguration;
			buildSettings = {
				DSTROOT = /tmp/Phresco.dst;
				GCC_PRECOMPILE_PREFIX_HEADER = YES;
				GCC_PREFIX_HEADER = "Phresco/Phresco-Prefix.pch";
				OTHER_LDFLAGS = "-ObjC";
				PRODUCT_NAME = "$(TARGET_NAME)";
				SKIP_INSTALL = YES;
			};
			name = Release;
		};
/* End XCBuildConfiguration section */

/* Begin XCConfigurationList section */
		C344AD8A164BF26F0051245D /* Build configuration list for PBXProject "Phresco" */ = {
			isa = XCConfigurationList;
			buildConfigurations = (
				C344AD9C164BF2700051245D /* Debug */,
				C344AD9D164BF2700051245D /* Release */,
			);
			defaultConfigurationIsVisible = 0;
			defaultConfigurationName = Release;
		};
		C344AD9E164BF2700051245D /* Build configuration list for PBXNativeTarget "Phresco" */ = {
			isa = XCConfigurationList;
			buildConfigurations = (
				C344AD9F164BF2700051245D /* Debug */,
				C344ADA0164BF2700051245D /* Release */,
			);
			defaultConfigurationIsVisible = 0;
		};
/* End XCConfigurationList section */
	};
	rootObject = C344AD87164BF26F0051245D /* Project object */;
}
